
Microsoft Visual Studio Solution File, Format Version 12.00
# Visual Studio 2015
Project("{FAE04EC0-301F-11D3-BF4B-00C04F79EFBC}") = "Nodge.CSharp", "Nodge.CSharp.csproj", "{027BC0B4-EA64-335C-4A1E-6641271EF66D}"
EndProject
Global
	GlobalSection(SolutionConfigurationPlatforms) = preSolution
		Debug|Any CPU = Debug|Any CPU
		Release|Any CPU = Release|Any CPU
	EndGlobalSection
	GlobalSection(ProjectConfigurationPlatforms) = postSolution
		{027BC0B4-EA64-335C-4A1E-6641271EF66D}.Debug|Any CPU.ActiveCfg = Debug|Any CPU
		{027BC0B4-EA64-335C-4A1E-6641271EF66D}.Debug|Any CPU.Build.0 = Debug|Any CPU
		{027BC0B4-EA64-335C-4A1E-6641271EF66D}.Release|Any CPU.ActiveCfg = Release|Any CPU
		{027BC0B4-EA64-335C-4A1E-6641271EF66D}.Release|Any CPU.Build.0 = Release|Any CPU
	EndGlobalSection
	GlobalSection(SolutionProperties) = preSolution
		HideSolutionNode = FALSE
	EndGlobalSection
EndGlobal
